
Microsoft Visual Studio Solution File, Format Version 12.00
# Visual Studio 15
VisualStudioVersion = 15.0.28307.271
MinimumVisualStudioVersion = 10.0.40219.1
Project("{F2A71F9B-5D33-465A-A702-920D77279786}") = "Mark3", "Mark3\Mark3.fsproj", "{537568BA-8AF5-4C0C-A934-C35A0F82B651}"
	ProjectSection(ProjectDependencies) = postProject
		{137B57F8-175F-4899-AF88-8899FF6CB168} = {137B57F8-175F-4899-AF88-8899FF6CB168}
	EndProjectSection
EndProject
Project("{F2A71F9B-5D33-465A-A702-920D77279786}") = "Test", "Test\Test.fsproj", "{D3DF1FB8-ED62-4536-BAB3-332F4CC405C1}"
	ProjectSection(ProjectDependencies) = postProject
		{137B57F8-175F-4899-AF88-8899FF6CB168} = {137B57F8-175F-4899-AF88-8899FF6CB168}
	EndProjectSection
EndProject
Project("{F2A71F9B-5D33-465A-A702-920D77279786}") = "Game", "Game\Game.fsproj", "{137B57F8-175F-4899-AF88-8899FF6CB168}"
EndProject
Global
	GlobalSection(SolutionConfigurationPlatforms) = preSolution
		Debug|Any CPU = Debug|Any CPU
		Release|Any CPU = Release|Any CPU
	EndGlobalSection
	GlobalSection(ProjectConfigurationPlatforms) = postSolution
		{537568BA-8AF5-4C0C-A934-C35A0F82B651}.Debug|Any CPU.ActiveCfg = Debug|Any CPU
		{537568BA-8AF5-4C0C-A934-C35A0F82B651}.Debug|Any CPU.Build.0 = Debug|Any CPU
		{537568BA-8AF5-4C0C-A934-C35A0F82B651}.Release|Any CPU.ActiveCfg = Release|Any CPU
		{537568BA-8AF5-4C0C-A934-C35A0F82B651}.Release|Any CPU.Build.0 = Release|Any CPU
		{D3DF1FB8-ED62-4536-BAB3-332F4CC405C1}.Debug|Any CPU.ActiveCfg = Debug|Any CPU
		{D3DF1FB8-ED62-4536-BAB3-332F4CC405C1}.Debug|Any CPU.Build.0 = Debug|Any CPU
		{D3DF1FB8-ED62-4536-BAB3-332F4CC405C1}.Release|Any CPU.ActiveCfg = Release|Any CPU
		{D3DF1FB8-ED62-4536-BAB3-332F4CC405C1}.Release|Any CPU.Build.0 = Release|Any CPU
		{137B57F8-175F-4899-AF88-8899FF6CB168}.Debug|Any CPU.ActiveCfg = Debug|Any CPU
		{137B57F8-175F-4899-AF88-8899FF6CB168}.Debug|Any CPU.Build.0 = Debug|Any CPU
		{137B57F8-175F-4899-AF88-8899FF6CB168}.Release|Any CPU.ActiveCfg = Release|Any CPU
		{137B57F8-175F-4899-AF88-8899FF6CB168}.Release|Any CPU.Build.0 = Release|Any CPU
	EndGlobalSection
	GlobalSection(SolutionProperties) = preSolution
		HideSolutionNode = FALSE
	EndGlobalSection
	GlobalSection(ExtensibilityGlobals) = postSolution
		SolutionGuid = {3898DD25-16D8-44EE-A063-C393CF333366}
	EndGlobalSection
EndGlobal
